
Microsoft Visual Studio Solution File, Format Version 12.00
# Visual Studio 15
VisualStudioVersion = 15.0.27428.2037
MinimumVisualStudioVersion = 10.0.40219.1
Project("{FAE04EC0-301F-11D3-BF4B-00C04F79EFBC}") = "POS.WPF", "POS.WPF\POS.WPF.csproj", "{ED95FF56-0052-4F69-9421-EC3ED69D3E3B}"
EndProject
Project("{FAE04EC0-301F-11D3-BF4B-00C04F79EFBC}") = "POS.BL", "POS.BL\POS.BL.csproj", "{FBD21AF2-05EE-4FF0-B883-832EE12ADF50}"
EndProject
Project("{FAE04EC0-301F-11D3-BF4B-00C04F79EFBC}") = "POS.Repositories", "POS.Repositories\POS.Repositories.csproj", "{325E1A2E-9F63-41B5-A5A4-413CC628E08B}"
EndProject
Project("{FAE04EC0-301F-11D3-BF4B-00C04F79EFBC}") = "POS.DATA", "POS.DATA\POS.DATA.csproj", "{A309734B-8882-40BD-A210-76584962E75F}"
EndProject
Project("{FAE04EC0-301F-11D3-BF4B-00C04F79EFBC}") = "POS.EF", "POS.EF\POS.EF.csproj", "{2C023431-B065-4C5C-A3C5-77385064BBDC}"
EndProject
Global
	GlobalSection(SolutionConfigurationPlatforms) = preSolution
		Debug|Any CPU = Debug|Any CPU
		Release|Any CPU = Release|Any CPU
	EndGlobalSection
	GlobalSection(ProjectConfigurationPlatforms) = postSolution
		{ED95FF56-0052-4F69-9421-EC3ED69D3E3B}.Debug|Any CPU.ActiveCfg = Debug|Any CPU
		{ED95FF56-0052-4F69-9421-EC3ED69D3E3B}.Debug|Any CPU.Build.0 = Debug|Any CPU
		{ED95FF56-0052-4F69-9421-EC3ED69D3E3B}.Release|Any CPU.ActiveCfg = Release|Any CPU
		{ED95FF56-0052-4F69-9421-EC3ED69D3E3B}.Release|Any CPU.Build.0 = Release|Any CPU
		{FBD21AF2-05EE-4FF0-B883-832EE12ADF50}.Debug|Any CPU.ActiveCfg = Debug|Any CPU
		{FBD21AF2-05EE-4FF0-B883-832EE12ADF50}.Debug|Any CPU.Build.0 = Debug|Any CPU
		{FBD21AF2-05EE-4FF0-B883-832EE12ADF50}.Release|Any CPU.ActiveCfg = Release|Any CPU
		{FBD21AF2-05EE-4FF0-B883-832EE12ADF50}.Release|Any CPU.Build.0 = Release|Any CPU
		{325E1A2E-9F63-41B5-A5A4-413CC628E08B}.Debug|Any CPU.ActiveCfg = Debug|Any CPU
		{325E1A2E-9F63-41B5-A5A4-413CC628E08B}.Debug|Any CPU.Build.0 = Debug|Any CPU
		{325E1A2E-9F63-41B5-A5A4-413CC628E08B}.Release|Any CPU.ActiveCfg = Release|Any CPU
		{325E1A2E-9F63-41B5-A5A4-413CC628E08B}.Release|Any CPU.Build.0 = Release|Any CPU
		{A309734B-8882-40BD-A210-76584962E75F}.Debug|Any CPU.ActiveCfg = Debug|Any CPU
		{A309734B-8882-40BD-A210-76584962E75F}.Debug|Any CPU.Build.0 = Debug|Any CPU
		{A309734B-8882-40BD-A210-76584962E75F}.Release|Any CPU.ActiveCfg = Release|Any CPU
		{A309734B-8882-40BD-A210-76584962E75F}.Release|Any CPU.Build.0 = Release|Any CPU
		{2C023431-B065-4C5C-A3C5-77385064BBDC}.Debug|Any CPU.ActiveCfg = Debug|Any CPU
		{2C023431-B065-4C5C-A3C5-77385064BBDC}.Debug|Any CPU.Build.0 = Debug|Any CPU
		{2C023431-B065-4C5C-A3C5-77385064BBDC}.Release|Any CPU.ActiveCfg = Release|Any CPU
		{2C023431-B065-4C5C-A3C5-77385064BBDC}.Release|Any CPU.Build.0 = Release|Any CPU
	EndGlobalSection
	GlobalSection(SolutionProperties) = preSolution
		HideSolutionNode = FALSE
	EndGlobalSection
	GlobalSection(ExtensibilityGlobals) = postSolution
		SolutionGuid = {BC07A084-AAC7-4D7C-AE69-AE68AB18CCB4}
	EndGlobalSection
EndGlobal
